// !$*UTF8*$!
{
	archiveVersion = 1;
	classes = {
	};
	objectVersion = 50;
	objects = {

/* Begin PBXBuildFile section */
		E4B48AB12364093400CA9315 /* AppDelegate.swift in Sources */ = {isa = PBXBuildFile; fileRef = E4B48AB02364093400CA9315 /* AppDelegate.swift */; };
		E4B48AB32364093400CA9315 /* ViewController.swift in Sources */ = {isa = PBXBuildFile; fileRef = E4B48AB22364093400CA9315 /* ViewController.swift */; };
		E4B48AB62364093400CA9315 /* Main.storyboard in Resources */ = {isa = PBXBuildFile; fileRef = E4B48AB42364093400CA9315 /* Main.storyboard */; };
		E4B48AB82364093500CA9315 /* Assets.xcassets in Resources */ = {isa = PBXBuildFile; fileRef = E4B48AB72364093500CA9315 /* Assets.xcassets */; };
		E4B48ABB2364093500CA9315 /* LaunchScreen.storyboard in Resources */ = {isa = PBXBuildFile; fileRef = E4B48AB92364093500CA9315 /* LaunchScreen.storyboard */; };
		E4B48AC323640D1200CA9315 /* video1 in Resources */ = {isa = PBXBuildFile; fileRef = E4B48AC223640D1200CA9315 /* video1 */; };
		E4B48AC52364115E00CA9315 /* tom.mp4 in Resources */ = {isa = PBXBuildFile; fileRef = E4B48AC42364115E00CA9315 /* tom.mp4 */; };
		E4B48AC7236420CE00CA9315 /* tom-and-jerry-ringtone.mp3 in Resources */ = {isa = PBXBuildFile; fileRef = E4B48AC6236420CE00CA9315 /* tom-and-jerry-ringtone.mp3 */; };
/* End PBXBuildFile section */

/* Begin PBXFileReference section */
		E4B48AAD2364093400CA9315 /* audioVideosession.app */ = {isa = PBXFileReference; explicitFileType = wrapper.application; includeInIndex = 0; path = audioVideosession.app; sourceTree = BUILT_PRODUCTS_DIR; };
		E4B48AB02364093400CA9315 /* AppDelegate.swift */ = {isa = PBXFileReference; lastKnownFileType = sourcecode.swift; path = AppDelegate.swift; sourceTree = "<group>"; };
		E4B48AB22364093400CA9315 /* ViewController.swift */ = {isa = PBXFileReference; lastKnownFileType = sourcecode.swift; path = ViewController.swift; sourceTree = "<group>"; };
		E4B48AB52364093400CA9315 /* Base */ = {isa = PBXFileReference; lastKnownFileType = file.storyboard; name = Base; path = Base.lproj/Main.storyboard; sourceTree = "<group>"; };
		E4B48AB72364093500CA9315 /* Assets.xcassets */ = {isa = PBXFileReference; lastKnownFileType = folder.assetcatalog; path = Assets.xcassets; sourceTree = "<group>"; };
		E4B48ABA2364093500CA9315 /* Base */ = {isa = PBXFileReference; lastKnownFileType = file.storyboard; name = Base; path = Base.lproj/LaunchScreen.storyboard; sourceTree = "<group>"; };
		E4B48ABC2364093500CA9315 /* Info.plist */ = {isa = PBXFileReference; lastKnownFileType = text.plist.xml; path = Info.plist; sourceTree = "<group>"; };
		E4B48AC223640D1200CA9315 /* video1 */ = {isa = PBXFileReference; lastKnownFileType = folder; name = video1; path = ../../../../Desktop/video1; sourceTree = "<group>"; };
		E4B48AC42364115E00CA9315 /* tom.mp4 */ = {isa = PBXFileReference; lastKnownFileType = file; path = tom.mp4; sourceTree = "<group>"; };
		E4B48AC6236420CE00CA9315 /* tom-and-jerry-ringtone.mp3 */ = {isa = PBXFileReference; lastKnownFileType = audio.mp3; path = "tom-and-jerry-ringtone.mp3"; sourceTree = "<group>"; };
/* End PBXFileReference section */

/* Begin PBXFrameworksBuildPhase section */
		E4B48AAA2364093400CA9315 /* Frameworks */ = {
			isa = PBXFrameworksBuildPhase;
			buildActionMask = 2147483647;
			files = (
			);
			runOnlyForDeploymentPostprocessing = 0;
		};
/* End PBXFrameworksBuildPhase section */

/* Begin PBXGroup section */
		E4B48AA42364093400CA9315 = {
			isa = PBXGroup;
			children = (
				E4B48AAF2364093400CA9315 /* audioVideosession */,
				E4B48AAE2364093400CA9315 /* Products */,
			);
			sourceTree = "<group>";
		};
		E4B48AAE2364093400CA9315 /* Products */ = {
			isa = PBXGroup;
			children = (
				E4B48AAD2364093400CA9315 /* audioVideosession.app */,
			);
			name = Products;
			sourceTree = "<group>";
		};
		E4B48AAF2364093400CA9315 /* audioVideosession */ = {
			isa = PBXGroup;
			children = (
				E4B48AB02364093400CA9315 /* AppDelegate.swift */,
				E4B48AB22364093400CA9315 /* ViewController.swift */,
				E4B48AB42364093400CA9315 /* Main.storyboard */,
				E4B48AC223640D1200CA9315 /* video1 */,
				E4B48AB72364093500CA9315 /* Assets.xcassets */,
				E4B48AC42364115E00CA9315 /* tom.mp4 */,
				E4B48AC6236420CE00CA9315 /* tom-and-jerry-ringtone.mp3 */,
				E4B48AB92364093500CA9315 /* LaunchScreen.storyboard */,
				E4B48ABC2364093500CA9315 /* Info.plist */,
			);
			path = audioVideosession;
			sourceTree = "<group>";
		};
/* End PBXGroup section */

/* Begin PBXNativeTarget section */
		E4B48AAC2364093400CA9315 /* audioVideosession */ = {
			isa = PBXNativeTarget;
			buildConfigurationList = E4B48ABF2364093500CA9315 /* Build configuration list for PBXNativeTarget "audioVideosession" */;
			buildPhases = (
				E4B48AA92364093400CA9315 /* Sources */,
				E4B48AAA2364093400CA9315 /* Frameworks */,
				E4B48AAB2364093400CA9315 /* Resources */,
			);
			buildRules = (
			);
			dependencies = (
			);
			name = audioVideosession;
			productName = audioVideosession;
			productReference = E4B48AAD2364093400CA9315 /* audioVideosession.app */;
			productType = "com.apple.product-type.application";
		};
/* End PBXNativeTarget section */

/* Begin PBXProject section */
		E4B48AA52364093400CA9315 /* Project object */ = {
			isa = PBXProject;
			attributes = {
				LastSwiftUpdateCheck = 1010;
				LastUpgradeCheck = 1010;
				ORGANIZATIONNAME = iphone1;
				TargetAttributes = {
					E4B48AAC2364093400CA9315 = {
						CreatedOnToolsVersion = 10.1;
					};
				};
			};
			buildConfigurationList = E4B48AA82364093400CA9315 /* Build configuration list for PBXProject "audioVideosession" */;
			compatibilityVersion = "Xcode 9.3";
			developmentRegion = en;
			hasScannedForEncodings = 0;
			knownRegions = (
				en,
				Base,
			);
			mainGroup = E4B48AA42364093400CA9315;
			productRefGroup = E4B48AAE2364093400CA9315 /* Products */;
			projectDirPath = "";
			projectRoot = "";
			targets = (
				E4B48AAC2364093400CA9315 /* audioVideosession */,
			);
		};
/* End PBXProject section */

/* Begin PBXResourcesBuildPhase section */
		E4B48AAB2364093400CA9315 /* Resources */ = {
			isa = PBXResourcesBuildPhase;
			buildActionMask = 2147483647;
			files = (
				E4B48AC52364115E00CA9315 /* tom.mp4 in Resources */,
				E4B48ABB2364093500CA9315 /* LaunchScreen.storyboard in Resources */,
				E4B48AB82364093500CA9315 /* Assets.xcassets in Resources */,
				E4B48AC323640D1200CA9315 /* video1 in Resources */,
				E4B48AC7236420CE00CA9315 /* tom-and-jerry-ringtone.mp3 in Resources */,
				E4B48AB62364093400CA9315 /* Main.storyboard in Resources */,
			);
			runOnlyForDeploymentPostprocessing = 0;
		};
/* End PBXResourcesBuildPhase section */

/* Begin PBXSourcesBuildPhase section */
		E4B48AA92364093400CA9315 /* Sources */ = {
			isa = PBXSourcesBuildPhase;
			buildActionMask = 2147483647;
			files = (
				E4B48AB32364093400CA9315 /* ViewController.swift in Sources */,
				E4B48AB12364093400CA9315 /* AppDelegate.swift in Sources */,
			);
			runOnlyForDeploymentPostprocessing = 0;
		};
/* End PBXSourcesBuildPhase section */

/* Begin PBXVariantGroup section */
		E4B48AB42364093400CA9315 /* Main.storyboard */ = {
			isa = PBXVariantGroup;
			children = (
				E4B48AB52364093400CA9315 /* Base */,
			);
			name = Main.storyboard;
			sourceTree = "<group>";
		};
		E4B48AB92364093500CA9315 /* LaunchScreen.storyboard */ = {
			isa = PBXVariantGroup;
			children = (
				E4B48ABA2364093500CA9315 /* Base */,
			);
			name = LaunchScreen.storyboard;
			sourceTree = "<group>";
		};
/* End PBXVariantGroup section */

/* Begin XCBuildConfiguration section */
		E4B48ABD2364093500CA9315 /* Debug */ = {
			isa = XCBuildConfiguration;
			buildSettings = {
				ALWAYS_SEARCH_USER_PATHS = NO;
				CLANG_ANALYZER_NONNULL = YES;
				CLANG_ANALYZER_NUMBER_OBJECT_CONVERSION = YES_AGGRESSIVE;
				CLANG_CXX_LANGUAGE_STANDARD = "gnu++14";
				CLANG_CXX_LIBRARY = "libc++";
				CLANG_ENABLE_MODULES = YES;
				CLANG_ENABLE_OBJC_ARC = YES;
				CLANG_ENABLE_OBJC_WEAK = YES;
				CLANG_WARN_BLOCK_CAPTURE_AUTORELEASING = YES;
				CLANG_WARN_BOOL_CONVERSION = YES;
				CLANG_WARN_COMMA = YES;
				CLANG_WARN_CONSTANT_CONVERSION = YES;
				CLANG_WARN_DEPRECATED_OBJC_IMPLEMENTATIONS = YES;
				CLANG_WARN_DIRECT_OBJC_ISA_USAGE = YES_ERROR;
				CLANG_WARN_DOCUMENTATION_COMMENTS = YES;
				CLANG_WARN_EMPTY_BODY = YES;
				CLANG_WARN_ENUM_CONVERSION = YES;
				CLANG_WARN_INFINITE_RECURSION = YES;
				CLANG_WARN_INT_CONVERSION = YES;
				CLANG_WARN_NON_LITERAL_NULL_CONVERSION = YES;
				CLANG_WARN_OBJC_IMPLICIT_RETAIN_SELF = YES;
				CLANG_WARN_OBJC_LITERAL_CONVERSION = YES;
				CLANG_WARN_OBJC_ROOT_CLASS = YES_ERROR;
				CLANG_WARN_RANGE_LOOP_ANALYSIS = YES;
				CLANG_WARN_STRICT_PROTOTYPES = YES;
				CLANG_WARN_SUSPICIOUS_MOVE = YES;
				CLANG_WARN_UNGUARDED_AVAILABILITY = YES_AGGRESSIVE;
				CLANG_WARN_UNREACHABLE_CODE = YES;
				CLANG_WARN__DUPLICATE_METHOD_MATCH = YES;
				CODE_SIGN_IDENTITY = "iPhone Developer";
				COPY_PHASE_STRIP = NO;
				DEBUG_INFORMATION_FORMAT = dwarf;
				ENABLE_STRICT_OBJC_MSGSEND = YES;
				ENABLE_TESTABILITY = YES;
				GCC_C_LANGUAGE_STANDARD = gnu11;
				GCC_DYNAMIC_NO_PIC = NO;
				GCC_NO_COMMON_BLOCKS = YES;
				GCC_OPTIMIZATION_LEVEL = 0;
				GCC_PREPROCESSOR_DEFINITIONS = (
					"DEBUG=1",
					"$(inherited)",
				);
				GCC_WARN_64_TO_32_BIT_CONVERSION = YES;
				GCC_WARN_ABOUT_RETURN_TYPE = YES_ERROR;
				GCC_WARN_UNDECLARED_SELECTOR = YES;
				GCC_WARN_UNINITIALIZED_AUTOS = YES_AGGRESSIVE;
				GCC_WARN_UNUSED_FUNCTION = YES;
				GCC_WARN_UNUSED_VARIABLE = YES;
				IPHONEOS_DEPLOYMENT_TARGET = 12.1;
				MTL_ENABLE_DEBUG_INFO = INCLUDE_SOURCE;
				MTL_FAST_MATH = YES;
				ONLY_ACTIVE_ARCH = YES;
				SDKROOT = iphoneos;
				SWIFT_ACTIVE_COMPILATION_CONDITIONS = DEBUG;
				SWIFT_OPTIMIZATION_LEVEL = "-Onone";
			};
			name = Debug;
		};
		E4B48ABE2364093500CA9315 /* Release */ = {
			isa = XCBuildConfiguration;
			buildSettings = {
				ALWAYS_SEARCH_USER_PATHS = NO;
				CLANG_ANALYZER_NONNULL = YES;
				CLANG_ANALYZER_NUMBER_OBJECT_CONVERSION = YES_AGGRESSIVE;
				CLANG_CXX_LANGUAGE_STANDARD = "gnu++14";
				CLANG_CXX_LIBRARY = "libc++";
				CLANG_ENABLE_MODULES = YES;
				CLANG_ENABLE_OBJC_ARC = YES;
				CLANG_ENABLE_OBJC_WEAK = YES;
				CLANG_WARN_BLOCK_CAPTURE_AUTORELEASING = YES;
				CLANG_WARN_BOOL_CONVERSION = YES;
				CLANG_WARN_COMMA = YES;
				CLANG_WARN_CONSTANT_CONVERSION = YES;
				CLANG_WARN_DEPRECATED_OBJC_IMPLEMENTATIONS = YES;
				CLANG_WARN_DIRECT_OBJC_ISA_USAGE = YES_ERROR;
				CLANG_WARN_DOCUMENTATION_COMMENTS = YES;
				CLANG_WARN_EMPTY_BODY = YES;
				CLANG_WARN_ENUM_CONVERSION = YES;
				CLANG_WARN_INFINITE_RECURSION = YES;
				CLANG_WARN_INT_CONVERSION = YES;
				CLANG_WARN_NON_LITERAL_NULL_CONVERSION = YES;
				CLANG_WARN_OBJC_IMPLICIT_RETAIN_SELF = YES;
				CLANG_WARN_OBJC_LITERAL_CONVERSION = YES;
				CLANG_WARN_OBJC_ROOT_CLASS = YES_ERROR;
				CLANG_WARN_RANGE_LOOP_ANALYSIS = YES;
				CLANG_WARN_STRICT_PROTOTYPES = YES;
				CLANG_WARN_SUSPICIOUS_MOVE = YES;
				CLANG_WARN_UNGUARDED_AVAILABILITY = YES_AGGRESSIVE;
				CLANG_WARN_UNREACHABLE_CODE = YES;
				CLANG_WARN__DUPLICATE_METHOD_MATCH = YES;
				CODE_SIGN_IDENTITY = "iPhone Developer";
				COPY_PHASE_STRIP = NO;
				DEBUG_INFORMATION_FORMAT = "dwarf-with-dsym";
				ENABLE_NS_ASSERTIONS = NO;
				ENABLE_STRICT_OBJC_MSGSEND = YES;
				GCC_C_LANGUAGE_STANDARD = gnu11;
				GCC_NO_COMMON_BLOCKS = YES;
				GCC_WARN_64_TO_32_BIT_CONVERSION = YES;
				GCC_WARN_ABOUT_RETURN_TYPE = YES_ERROR;
				GCC_WARN_UNDECLARED_SELECTOR = YES;
				GCC_WARN_UNINITIALIZED_AUTOS = YES_AGGRESSIVE;
				GCC_WARN_UNUSED_FUNCTION = YES;
				GCC_WARN_UNUSED_VARIABLE = YES;
				IPHONEOS_DEPLOYMENT_TARGET = 12.1;
				MTL_ENABLE_DEBUG_INFO = NO;
				MTL_FAST_MATH = YES;
				SDKROOT = iphoneos;
				SWIFT_COMPILATION_MODE = wholemodule;
				SWIFT_OPTIMIZATION_LEVEL = "-O";
				VALIDATE_PRODUCT = YES;
			};
			name = Release;
		};
		E4B48AC02364093500CA9315 /* Debug */ = {
			isa = XCBuildConfiguration;
			buildSettings = {
				ASSETCATALOG_COMPILER_APPICON_NAME = AppIcon;
				CODE_SIGN_STYLE = Automatic;
				INFOPLIST_FILE = audioVideosession/Info.plist;
				LD_RUNPATH_SEARCH_PATHS = (
					"$(inherited)",
					"@executable_path/Frameworks",
				);
				PRODUCT_BUNDLE_IDENTIFIER = "CS-AG1.audioVideosession";
				PRODUCT_NAME = "$(TARGET_NAME)";
				SWIFT_VERSION = 4.2;
				TARGETED_DEVICE_FAMILY = "1,2";
			};
			name = Debug;
		};
		E4B48AC12364093500CA9315 /* Release */ = {
			isa = XCBuildConfiguration;
			buildSettings = {
				ASSETCATALOG_COMPILER_APPICON_NAME = AppIcon;
				CODE_SIGN_STYLE = Automatic;
				INFOPLIST_FILE = audioVideosession/Info.plist;
				LD_RUNPATH_SEARCH_PATHS = (
					"$(inherited)",
					"@executable_path/Frameworks",
				);
				PRODUCT_BUNDLE_IDENTIFIER = "CS-AG1.audioVideosession";
				PRODUCT_NAME = "$(TARGET_NAME)";
				SWIFT_VERSION = 4.2;
				TARGETED_DEVICE_FAMILY = "1,2";
			};
			name = Release;
		};
/* End XCBuildConfiguration section */

/* Begin XCConfigurationList section */
		E4B48AA82364093400CA9315 /* Build configuration list for PBXProject "audioVideosession" */ = {
			isa = XCConfigurationList;
			buildConfigurations = (
				E4B48ABD2364093500CA9315 /* Debug */,
				E4B48ABE2364093500CA9315 /* Release */,
			);
			defaultConfigurationIsVisible = 0;
			defaultConfigurationName = Release;
		};
		E4B48ABF2364093500CA9315 /* Build configuration list for PBXNativeTarget "audioVideosession" */ = {
			isa = XCConfigurationList;
			buildConfigurations = (
				E4B48AC02364093500CA9315 /* Debug */,
				E4B48AC12364093500CA9315 /* Release */,
			);
			defaultConfigurationIsVisible = 0;
			defaultConfigurationName = Release;
		};
/* End XCConfigurationList section */
	};
	rootObject = E4B48AA52364093400CA9315 /* Project object */;
}
